// !$*UTF8*$!
{
	archiveVersion = 1;
	classes = {
	};
	objectVersion = 56;
	objects = {

/* Begin PBXBuildFile section */
		6A1000112C69210000100101 /* ProCamLinkStudioApp.swift in Sources */ = {isa = PBXBuildFile; fileRef = 6A1000012C69210000100101 /* ProCamLinkStudioApp.swift */; };
		6A1000122C69210000100101 /* ContentView.swift in Sources */ = {isa = PBXBuildFile; fileRef = 6A1000022C69210000100101 /* ContentView.swift */; };
		6A1000132C69210000100101 /* CameraDeviceManager.swift in Sources */ = {isa = PBXBuildFile; fileRef = 6A1000032C69210000100101 /* CameraDeviceManager.swift */; };
		6A1000142C69210000100101 /* CameraSessionManager.swift in Sources */ = {isa = PBXBuildFile; fileRef = 6A1000042C69210000100101 /* CameraSessionManager.swift */; };
		6A1000152C69210000100101 /* CameraPreviewView.swift in Sources */ = {isa = PBXBuildFile; fileRef = 6A1000052C69210000100101 /* CameraPreviewView.swift */; };
		6A1000162C69210000100101 /* CameraModels.swift in Sources */ = {isa = PBXBuildFile; fileRef = 6A1000072C69210000100101 /* CameraModels.swift */; };
		6A1000172C69210000100101 /* ProcessedCameraPreviewView.swift in Sources */ = {isa = PBXBuildFile; fileRef = 6A1000082C69210000100101 /* ProcessedCameraPreviewView.swift */; };
		6A1000182C69210000100101 /* IntelligentCameraModels.swift in Sources */ = {isa = PBXBuildFile; fileRef = 6A1000092C69210000100101 /* IntelligentCameraModels.swift */; };
		6A1000192C69210000100101 /* IntelligentCameraManager.swift in Sources */ = {isa = PBXBuildFile; fileRef = 6A10000A2C69210000100101 /* IntelligentCameraManager.swift */; };
		6A10001A2C69210000100101 /* MonitoringAnalyzer.swift in Sources */ = {isa = PBXBuildFile; fileRef = 6A10000B2C69210000100101 /* MonitoringAnalyzer.swift */; };
		6A10001B2C69210000100101 /* ProcessedFramePipeline.swift in Sources */ = {isa = PBXBuildFile; fileRef = 6A10000C2C69210000100101 /* ProcessedFramePipeline.swift */; };
		6A10001C2C69210000100101 /* ProcessedMasterRecorder.swift in Sources */ = {isa = PBXBuildFile; fileRef = 6A10000D2C69210000100101 /* ProcessedMasterRecorder.swift */; };
		6A10001D2C69210000100101 /* VideoToolboxEncoder.swift in Sources */ = {isa = PBXBuildFile; fileRef = 6A10000E2C69210000100101 /* VideoToolboxEncoder.swift */; };
/* End PBXBuildFile section */

/* Begin PBXFileReference section */
		6A1000012C69210000100101 /* ProCamLinkStudioApp.swift */ = {isa = PBXFileReference; lastKnownFileType = sourcecode.swift; path = ProCamLinkStudioApp.swift; sourceTree = "<group>"; };
		6A1000022C69210000100101 /* ContentView.swift */ = {isa = PBXFileReference; lastKnownFileType = sourcecode.swift; path = ContentView.swift; sourceTree = "<group>"; };
		6A1000032C69210000100101 /* CameraDeviceManager.swift */ = {isa = PBXFileReference; lastKnownFileType = sourcecode.swift; path = CameraDeviceManager.swift; sourceTree = "<group>"; };
		6A1000042C69210000100101 /* CameraSessionManager.swift */ = {isa = PBXFileReference; lastKnownFileType = sourcecode.swift; path = CameraSessionManager.swift; sourceTree = "<group>"; };
		6A1000052C69210000100101 /* CameraPreviewView.swift */ = {isa = PBXFileReference; lastKnownFileType = sourcecode.swift; path = CameraPreviewView.swift; sourceTree = "<group>"; };
		6A1000062C69210000100101 /* Info.plist */ = {isa = PBXFileReference; lastKnownFileType = text.plist.xml; path = Info.plist; sourceTree = "<group>"; };
		6A1000072C69210000100101 /* CameraModels.swift */ = {isa = PBXFileReference; lastKnownFileType = sourcecode.swift; path = CameraModels.swift; sourceTree = "<group>"; };
		6A1000082C69210000100101 /* ProcessedCameraPreviewView.swift */ = {isa = PBXFileReference; lastKnownFileType = sourcecode.swift; path = ProcessedCameraPreviewView.swift; sourceTree = "<group>"; };
		6A1000092C69210000100101 /* IntelligentCameraModels.swift */ = {isa = PBXFileReference; lastKnownFileType = sourcecode.swift; path = IntelligentCameraModels.swift; sourceTree = "<group>"; };
		6A10000A2C69210000100101 /* IntelligentCameraManager.swift */ = {isa = PBXFileReference; lastKnownFileType = sourcecode.swift; path = IntelligentCameraManager.swift; sourceTree = "<group>"; };
		6A10000B2C69210000100101 /* MonitoringAnalyzer.swift */ = {isa = PBXFileReference; lastKnownFileType = sourcecode.swift; path = MonitoringAnalyzer.swift; sourceTree = "<group>"; };
		6A10000C2C69210000100101 /* ProcessedFramePipeline.swift */ = {isa = PBXFileReference; lastKnownFileType = sourcecode.swift; path = ProcessedFramePipeline.swift; sourceTree = "<group>"; };
		6A10000D2C69210000100101 /* ProcessedMasterRecorder.swift */ = {isa = PBXFileReference; lastKnownFileType = sourcecode.swift; path = ProcessedMasterRecorder.swift; sourceTree = "<group>"; };
		6A10000E2C69210000100101 /* VideoToolboxEncoder.swift */ = {isa = PBXFileReference; lastKnownFileType = sourcecode.swift; path = VideoToolboxEncoder.swift; sourceTree = "<group>"; };
		6A1000202C69210000100101 /* ProCamLinkStudio.app */ = {isa = PBXFileReference; explicitFileType = wrapper.application; includeInIndex = 0; path = ProCamLinkStudio.app; sourceTree = BUILT_PRODUCTS_DIR; };
/* End PBXFileReference section */

/* Begin PBXFrameworksBuildPhase section */
		6A1000302C69210000100101 /* Frameworks */ = {
			isa = PBXFrameworksBuildPhase;
			buildActionMask = 2147483647;
			files = (
			);
			runOnlyForDeploymentPostprocessing = 0;
		};
/* End PBXFrameworksBuildPhase section */

/* Begin PBXGroup section */
		6A1000402C69210000100101 = {
			isa = PBXGroup;
			children = (
				6A1000412C69210000100101 /* ProCamLinkStudio */,
				6A1000422C69210000100101 /* Products */,
			);
			sourceTree = "<group>";
		};
		6A1000412C69210000100101 /* ProCamLinkStudio */ = {
			isa = PBXGroup;
			children = (
				6A1000012C69210000100101 /* ProCamLinkStudioApp.swift */,
				6A1000022C69210000100101 /* ContentView.swift */,
				6A1000032C69210000100101 /* CameraDeviceManager.swift */,
				6A1000042C69210000100101 /* CameraSessionManager.swift */,
				6A1000052C69210000100101 /* CameraPreviewView.swift */,
				6A1000072C69210000100101 /* CameraModels.swift */,
				6A1000082C69210000100101 /* ProcessedCameraPreviewView.swift */,
				6A10000C2C69210000100101 /* ProcessedFramePipeline.swift */,
				6A10000D2C69210000100101 /* ProcessedMasterRecorder.swift */,
				6A10000E2C69210000100101 /* VideoToolboxEncoder.swift */,
				6A1000092C69210000100101 /* IntelligentCameraModels.swift */,
				6A10000A2C69210000100101 /* IntelligentCameraManager.swift */,
				6A10000B2C69210000100101 /* MonitoringAnalyzer.swift */,
				6A1000062C69210000100101 /* Info.plist */,
			);
			path = ProCamLinkStudio;
			sourceTree = "<group>";
		};
		6A1000422C69210000100101 /* Products */ = {
			isa = PBXGroup;
			children = (
				6A1000202C69210000100101 /* ProCamLinkStudio.app */,
			);
			name = Products;
			sourceTree = "<group>";
		};
/* End PBXGroup section */

/* Begin PBXNativeTarget section */
		6A1000502C69210000100101 /* ProCamLinkStudio */ = {
			isa = PBXNativeTarget;
			buildConfigurationList = 6A1000802C69210000100101 /* Build configuration list for PBXNativeTarget "ProCamLinkStudio" */;
			buildPhases = (
				6A1000602C69210000100101 /* Sources */,
				6A1000302C69210000100101 /* Frameworks */,
				6A1000702C69210000100101 /* Resources */,
			);
			buildRules = (
			);
			dependencies = (
			);
			name = ProCamLinkStudio;
			productName = ProCamLinkStudio;
			productReference = 6A1000202C69210000100101 /* ProCamLinkStudio.app */;
			productType = "com.apple.product-type.application";
		};
/* End PBXNativeTarget section */

/* Begin PBXProject section */
		6A1000902C69210000100101 /* Project object */ = {
			isa = PBXProject;
			attributes = {
				BuildIndependentTargetsInParallel = 1;
				LastSwiftUpdateCheck = 1600;
				LastUpgradeCheck = 1600;
				TargetAttributes = {
					6A1000502C69210000100101 = {
						CreatedOnToolsVersion = 16.0;
					};
				};
			};
			buildConfigurationList = 6A1000912C69210000100101 /* Build configuration list for PBXProject "ProCamLinkStudio" */;
			compatibilityVersion = "Xcode 14.0";
			developmentRegion = en;
			hasScannedForEncodings = 0;
			knownRegions = (
				en,
				Base,
			);
			mainGroup = 6A1000402C69210000100101;
			productRefGroup = 6A1000422C69210000100101 /* Products */;
			projectDirPath = "";
			projectRoot = "";
			targets = (
				6A1000502C69210000100101 /* ProCamLinkStudio */,
			);
		};
/* End PBXProject section */

/* Begin PBXResourcesBuildPhase section */
		6A1000702C69210000100101 /* Resources */ = {
			isa = PBXResourcesBuildPhase;
			buildActionMask = 2147483647;
			files = (
			);
			runOnlyForDeploymentPostprocessing = 0;
		};
/* End PBXResourcesBuildPhase section */

/* Begin PBXSourcesBuildPhase section */
		6A1000602C69210000100101 /* Sources */ = {
			isa = PBXSourcesBuildPhase;
			buildActionMask = 2147483647;
			files = (
				6A1000112C69210000100101 /* ProCamLinkStudioApp.swift in Sources */,
				6A1000122C69210000100101 /* ContentView.swift in Sources */,
				6A1000132C69210000100101 /* CameraDeviceManager.swift in Sources */,
				6A1000142C69210000100101 /* CameraSessionManager.swift in Sources */,
				6A1000152C69210000100101 /* CameraPreviewView.swift in Sources */,
				6A1000162C69210000100101 /* CameraModels.swift in Sources */,
				6A1000172C69210000100101 /* ProcessedCameraPreviewView.swift in Sources */,
				6A10001B2C69210000100101 /* ProcessedFramePipeline.swift in Sources */,
				6A10001C2C69210000100101 /* ProcessedMasterRecorder.swift in Sources */,
				6A10001D2C69210000100101 /* VideoToolboxEncoder.swift in Sources */,
				6A1000182C69210000100101 /* IntelligentCameraModels.swift in Sources */,
				6A1000192C69210000100101 /* IntelligentCameraManager.swift in Sources */,
				6A10001A2C69210000100101 /* MonitoringAnalyzer.swift in Sources */,
			);
			runOnlyForDeploymentPostprocessing = 0;
		};
/* End PBXSourcesBuildPhase section */

/* Begin XCBuildConfiguration section */
		6A1000A02C69210000100101 /* Debug */ = {
			isa = XCBuildConfiguration;
			buildSettings = {
				ALWAYS_SEARCH_USER_PATHS = NO;
				CLANG_ANALYZER_NONNULL = YES;
				CLANG_ANALYZER_NUMBER_OBJECT_CONVERSION = YES_AGGRESSIVE;
				CLANG_CXX_LANGUAGE_STANDARD = "gnu++20";
				CLANG_ENABLE_MODULES = YES;
				CLANG_ENABLE_OBJC_ARC = YES;
				CLANG_ENABLE_OBJC_WEAK = YES;
				CLANG_WARN_BLOCK_CAPTURE_AUTORELEASING = YES;
				CLANG_WARN_BOOL_CONVERSION = YES;
				CLANG_WARN_COMMA = YES;
				CLANG_WARN_CONSTANT_CONVERSION = YES;
				CLANG_WARN_DEPRECATED_OBJC_IMPLEMENTATIONS = YES;
				CLANG_WARN_DIRECT_OBJC_ISA_USAGE = YES_ERROR;
				CLANG_WARN_DOCUMENTATION_COMMENTS = YES;
				CLANG_WARN_EMPTY_BODY = YES;
				CLANG_WARN_ENUM_CONVERSION = YES;
				CLANG_WARN_INFINITE_RECURSION = YES;
				CLANG_WARN_INT_CONVERSION = YES;
				CLANG_WARN_NON_LITERAL_NULL_CONVERSION = YES;
				CLANG_WARN_OBJC_IMPLICIT_RETAIN_SELF = YES;
				CLANG_WARN_OBJC_LITERAL_CONVERSION = YES;
				CLANG_WARN_OBJC_ROOT_CLASS = YES_ERROR;
				CLANG_WARN_QUOTED_INCLUDE_IN_FRAMEWORK_HEADER = YES;
				CLANG_WARN_RANGE_LOOP_ANALYSIS = YES;
				CLANG_WARN_STRICT_PROTOTYPES = YES;
				CLANG_WARN_SUSPICIOUS_MOVE = YES;
				CLANG_WARN_UNGUARDED_AVAILABILITY = YES_AGGRESSIVE;
				CLANG_WARN_UNREACHABLE_CODE = YES;
				CLANG_WARN__DUPLICATE_METHOD_MATCH = YES;
				COPY_PHASE_STRIP = NO;
				DEBUG_INFORMATION_FORMAT = dwarf;
				ENABLE_STRICT_OBJC_MSGSEND = YES;
				ENABLE_TESTABILITY = YES;
				ENABLE_USER_SCRIPT_SANDBOXING = YES;
				GCC_C_LANGUAGE_STANDARD = gnu17;
				GCC_DYNAMIC_NO_PIC = NO;
				GCC_NO_COMMON_BLOCKS = YES;
				GCC_OPTIMIZATION_LEVEL = 0;
				GCC_PREPROCESSOR_DEFINITIONS = (
					"DEBUG=1",
					"$(inherited)",
				);
				GCC_WARN_64_TO_32_BIT_CONVERSION = YES;
				GCC_WARN_ABOUT_RETURN_TYPE = YES_ERROR;
				GCC_WARN_UNDECLARED_SELECTOR = YES;
				GCC_WARN_UNINITIALIZED_AUTOS = YES_AGGRESSIVE;
				GCC_WARN_UNUSED_FUNCTION = YES;
				GCC_WARN_UNUSED_VARIABLE = YES;
				IPHONEOS_DEPLOYMENT_TARGET = 17.0;
				MTL_ENABLE_DEBUG_INFO = INCLUDE_SOURCE;
				MTL_FAST_MATH = YES;
				ONLY_ACTIVE_ARCH = YES;
				SDKROOT = iphoneos;
				SWIFT_ACTIVE_COMPILATION_CONDITIONS = DEBUG;
				SWIFT_OPTIMIZATION_LEVEL = "-Onone";
			};
			name = Debug;
		};
		6A1000A12C69210000100101 /* Release */ = {
			isa = XCBuildConfiguration;
			buildSettings = {
				ALWAYS_SEARCH_USER_PATHS = NO;
				CLANG_ANALYZER_NONNULL = YES;
				CLANG_ANALYZER_NUMBER_OBJECT_CONVERSION = YES_AGGRESSIVE;
				CLANG_CXX_LANGUAGE_STANDARD = "gnu++20";
				CLANG_ENABLE_MODULES = YES;
				CLANG_ENABLE_OBJC_ARC = YES;
				CLANG_ENABLE_OBJC_WEAK = YES;
				CLANG_WARN_BLOCK_CAPTURE_AUTORELEASING = YES;
				CLANG_WARN_BOOL_CONVERSION = YES;
				CLANG_WARN_COMMA = YES;
				CLANG_WARN_CONSTANT_CONVERSION = YES;
				CLANG_WARN_DEPRECATED_OBJC_IMPLEMENTATIONS = YES;
				CLANG_WARN_DIRECT_OBJC_ISA_USAGE = YES_ERROR;
				CLANG_WARN_DOCUMENTATION_COMMENTS = YES;
				CLANG_WARN_EMPTY_BODY = YES;
				CLANG_WARN_ENUM_CONVERSION = YES;
				CLANG_WARN_INFINITE_RECURSION = YES;
				CLANG_WARN_INT_CONVERSION = YES;
				CLANG_WARN_NON_LITERAL_NULL_CONVERSION = YES;
				CLANG_WARN_OBJC_IMPLICIT_RETAIN_SELF = YES;
				CLANG_WARN_OBJC_LITERAL_CONVERSION = YES;
				CLANG_WARN_OBJC_ROOT_CLASS = YES_ERROR;
				CLANG_WARN_QUOTED_INCLUDE_IN_FRAMEWORK_HEADER = YES;
				CLANG_WARN_RANGE_LOOP_ANALYSIS = YES;
				CLANG_WARN_STRICT_PROTOTYPES = YES;
				CLANG_WARN_SUSPICIOUS_MOVE = YES;
				CLANG_WARN_UNGUARDED_AVAILABILITY = YES_AGGRESSIVE;
				CLANG_WARN_UNREACHABLE_CODE = YES;
				CLANG_WARN__DUPLICATE_METHOD_MATCH = YES;
				COPY_PHASE_STRIP = NO;
				DEBUG_INFORMATION_FORMAT = "dwarf-with-dsym";
				ENABLE_NS_ASSERTIONS = NO;
				ENABLE_STRICT_OBJC_MSGSEND = YES;
				ENABLE_USER_SCRIPT_SANDBOXING = YES;
				GCC_C_LANGUAGE_STANDARD = gnu17;
				GCC_NO_COMMON_BLOCKS = YES;
				GCC_WARN_64_TO_32_BIT_CONVERSION = YES;
				GCC_WARN_ABOUT_RETURN_TYPE = YES_ERROR;
				GCC_WARN_UNDECLARED_SELECTOR = YES;
				GCC_WARN_UNINITIALIZED_AUTOS = YES_AGGRESSIVE;
				GCC_WARN_UNUSED_FUNCTION = YES;
				GCC_WARN_UNUSED_VARIABLE = YES;
				IPHONEOS_DEPLOYMENT_TARGET = 17.0;
				MTL_FAST_MATH = YES;
				SDKROOT = iphoneos;
				SWIFT_COMPILATION_MODE = wholemodule;
				VALIDATE_PRODUCT = YES;
			};
			name = Release;
		};
		6A1000A22C69210000100101 /* Debug */ = {
			isa = XCBuildConfiguration;
			buildSettings = {
				ASSETCATALOG_COMPILER_APPICON_NAME = "";
				CODE_SIGN_STYLE = Automatic;
				CURRENT_PROJECT_VERSION = 1;
				DEVELOPMENT_ASSET_PATHS = "";
				GENERATE_INFOPLIST_FILE = NO;
				INFOPLIST_FILE = ProCamLinkStudio/Info.plist;
				IPHONEOS_DEPLOYMENT_TARGET = 17.0;
				LD_RUNPATH_SEARCH_PATHS = (
					"$(inherited)",
					"@executable_path/Frameworks",
				);
				MARKETING_VERSION = 1.0;
				PROCAM_BUNDLE_IDENTIFIER = com.procamlink.studio;
				PRODUCT_BUNDLE_IDENTIFIER = "$(PROCAM_BUNDLE_IDENTIFIER)";
				PRODUCT_NAME = "$(TARGET_NAME)";
				SWIFT_EMIT_LOC_STRINGS = YES;
				SWIFT_VERSION = 5.0;
				TARGETED_DEVICE_FAMILY = "1,2";
			};
			name = Debug;
		};
		6A1000A32C69210000100101 /* Release */ = {
			isa = XCBuildConfiguration;
			buildSettings = {
				ASSETCATALOG_COMPILER_APPICON_NAME = "";
				CODE_SIGN_STYLE = Automatic;
				CURRENT_PROJECT_VERSION = 1;
				DEVELOPMENT_ASSET_PATHS = "";
				GENERATE_INFOPLIST_FILE = NO;
				INFOPLIST_FILE = ProCamLinkStudio/Info.plist;
				IPHONEOS_DEPLOYMENT_TARGET = 17.0;
				LD_RUNPATH_SEARCH_PATHS = (
					"$(inherited)",
					"@executable_path/Frameworks",
				);
				MARKETING_VERSION = 1.0;
				PROCAM_BUNDLE_IDENTIFIER = com.procamlink.studio;
				PRODUCT_BUNDLE_IDENTIFIER = "$(PROCAM_BUNDLE_IDENTIFIER)";
				PRODUCT_NAME = "$(TARGET_NAME)";
				SWIFT_EMIT_LOC_STRINGS = YES;
				SWIFT_VERSION = 5.0;
				TARGETED_DEVICE_FAMILY = "1,2";
			};
			name = Release;
		};
/* End XCBuildConfiguration section */

/* Begin XCConfigurationList section */
		6A1000802C69210000100101 /* Build configuration list for PBXNativeTarget "ProCamLinkStudio" */ = {
			isa = XCConfigurationList;
			buildConfigurations = (
				6A1000A22C69210000100101 /* Debug */,
				6A1000A32C69210000100101 /* Release */,
			);
			defaultConfigurationIsVisible = 0;
			defaultConfigurationName = Release;
		};
		6A1000912C69210000100101 /* Build configuration list for PBXProject "ProCamLinkStudio" */ = {
			isa = XCConfigurationList;
			buildConfigurations = (
				6A1000A02C69210000100101 /* Debug */,
				6A1000A12C69210000100101 /* Release */,
			);
			defaultConfigurationIsVisible = 0;
			defaultConfigurationName = Release;
		};
/* End XCConfigurationList section */
	};
	rootObject = 6A1000902C69210000100101 /* Project object */;
}
